// !$*UTF8*$!
{
	archiveVersion = 1;
	classes = {
	};
	objectVersion = 56;
	objects = {

/* Begin PBXBuildFile section */
		0D0F092C2B06B4FD00FCAD88 /* SettingsModel.swift in Sources */ = {isa = PBXBuildFile; fileRef = 0D0F092B2B06B4FD00FCAD88 /* SettingsModel.swift */; };
		0DFB26582B02892D00893E2C /* MainButton.swift in Sources */ = {isa = PBXBuildFile; fileRef = 0DFB26572B02892D00893E2C /* MainButton.swift */; };
		0DFB265D2B02AD9C00893E2C /* OptionButton.swift in Sources */ = {isa = PBXBuildFile; fileRef = 0DFB265C2B02AD9C00893E2C /* OptionButton.swift */; };
		121AD78A2B02A79500EE1C4A /* SettingsView.swift in Sources */ = {isa = PBXBuildFile; fileRef = 121AD7892B02A79500EE1C4A /* SettingsView.swift */; };
		8994EFC82B00E1070022D8A4 /* RainbowGameApp.swift in Sources */ = {isa = PBXBuildFile; fileRef = 8994EFC72B00E1070022D8A4 /* RainbowGameApp.swift */; };
		8994EFCA2B00E1070022D8A4 /* ContentView.swift in Sources */ = {isa = PBXBuildFile; fileRef = 8994EFC92B00E1070022D8A4 /* ContentView.swift */; };
		8994EFCC2B00E1090022D8A4 /* Assets.xcassets in Resources */ = {isa = PBXBuildFile; fileRef = 8994EFCB2B00E1090022D8A4 /* Assets.xcassets */; };
		8994EFCF2B00E1090022D8A4 /* Preview Assets.xcassets in Resources */ = {isa = PBXBuildFile; fileRef = 8994EFCE2B00E1090022D8A4 /* Preview Assets.xcassets */; };
		B39124542B069BB2009BC96C /* RulesView.swift in Sources */ = {isa = PBXBuildFile; fileRef = B39124532B069BB2009BC96C /* RulesView.swift */; };
		EED09AF32B03BC9300FF47ED /* Nexus in Resources */ = {isa = PBXBuildFile; fileRef = EED09AF22B03BC9200FF47ED /* Nexus */; };
/* End PBXBuildFile section */

/* Begin PBXFileReference section */
		0D0F092B2B06B4FD00FCAD88 /* SettingsModel.swift */ = {isa = PBXFileReference; lastKnownFileType = sourcecode.swift; path = SettingsModel.swift; sourceTree = "<group>"; };
		0DFB26572B02892D00893E2C /* MainButton.swift */ = {isa = PBXFileReference; lastKnownFileType = sourcecode.swift; path = MainButton.swift; sourceTree = "<group>"; };
		0DFB265C2B02AD9C00893E2C /* OptionButton.swift */ = {isa = PBXFileReference; lastKnownFileType = sourcecode.swift; path = OptionButton.swift; sourceTree = "<group>"; };
		121AD7892B02A79500EE1C4A /* SettingsView.swift */ = {isa = PBXFileReference; lastKnownFileType = sourcecode.swift; path = SettingsView.swift; sourceTree = "<group>"; };
		8994EFC42B00E1070022D8A4 /* RainbowGame.app */ = {isa = PBXFileReference; explicitFileType = wrapper.application; includeInIndex = 0; path = RainbowGame.app; sourceTree = BUILT_PRODUCTS_DIR; };
		8994EFC72B00E1070022D8A4 /* RainbowGameApp.swift */ = {isa = PBXFileReference; lastKnownFileType = sourcecode.swift; path = RainbowGameApp.swift; sourceTree = "<group>"; };
		8994EFC92B00E1070022D8A4 /* ContentView.swift */ = {isa = PBXFileReference; lastKnownFileType = sourcecode.swift; path = ContentView.swift; sourceTree = "<group>"; };
		8994EFCB2B00E1090022D8A4 /* Assets.xcassets */ = {isa = PBXFileReference; lastKnownFileType = folder.assetcatalog; path = Assets.xcassets; sourceTree = "<group>"; };
		8994EFCE2B00E1090022D8A4 /* Preview Assets.xcassets */ = {isa = PBXFileReference; lastKnownFileType = folder.assetcatalog; path = "Preview Assets.xcassets"; sourceTree = "<group>"; };
		B39124532B069BB2009BC96C /* RulesView.swift */ = {isa = PBXFileReference; lastKnownFileType = sourcecode.swift; path = RulesView.swift; sourceTree = SOURCE_ROOT; };
		EED09AF22B03BC9200FF47ED /* Nexus */ = {isa = PBXFileReference; lastKnownFileType = wrapper; path = Nexus; sourceTree = "<group>"; };
/* End PBXFileReference section */

/* Begin PBXFrameworksBuildPhase section */
		8994EFC12B00E1070022D8A4 /* Frameworks */ = {
			isa = PBXFrameworksBuildPhase;
			buildActionMask = 2147483647;
			files = (
			);
			runOnlyForDeploymentPostprocessing = 0;
		};
/* End PBXFrameworksBuildPhase section */

/* Begin PBXGroup section */
		0D0F092D2B06B50300FCAD88 /* Model */ = {
			isa = PBXGroup;
			children = (
				0D0F092B2B06B4FD00FCAD88 /* SettingsModel.swift */,
			);
			path = Model;
			sourceTree = "<group>";
		};
		0DFB26562B02845100893E2C /* Components */ = {
			isa = PBXGroup;
			children = (
				0DFB26572B02892D00893E2C /* MainButton.swift */,
				0DFB265C2B02AD9C00893E2C /* OptionButton.swift */,
			);
			path = Components;
			sourceTree = "<group>";
		};
		89407DA12B0109CF0002775A /* Support */ = {
			isa = PBXGroup;
			children = (
				8994EFCB2B00E1090022D8A4 /* Assets.xcassets */,
				8994EFCD2B00E1090022D8A4 /* Preview Content */,
			);
			path = Support;
			sourceTree = "<group>";
		};
		8994EFBB2B00E1070022D8A4 = {
			isa = PBXGroup;
			children = (
				EED09AF22B03BC9200FF47ED /* Nexus */,
				8994EFC62B00E1070022D8A4 /* RainbowGame */,
				8994EFC52B00E1070022D8A4 /* Products */,
			);
			sourceTree = "<group>";
		};
		8994EFC52B00E1070022D8A4 /* Products */ = {
			isa = PBXGroup;
			children = (
				8994EFC42B00E1070022D8A4 /* RainbowGame.app */,
			);
			name = Products;
			sourceTree = "<group>";
		};
		8994EFC62B00E1070022D8A4 /* RainbowGame */ = {
			isa = PBXGroup;
			children = (
				8994EFDA2B00FFA00022D8A4 /* App */,
				0D0F092D2B06B50300FCAD88 /* Model */,
				8994EFD52B00E77C0022D8A4 /* MainView */,
				8994EFD62B00E7A60022D8A4 /* GameView */,
				8994EFD72B00E9AF0022D8A4 /* RulesView */,
				8994EFD82B00E9D20022D8A4 /* ResultsVIew */,
				8994EFD92B00E9E00022D8A4 /* SettingsView */,
				89407DA12B0109CF0002775A /* Support */,
			);
			path = RainbowGame;
			sourceTree = "<group>";
		};
		8994EFCD2B00E1090022D8A4 /* Preview Content */ = {
			isa = PBXGroup;
			children = (
				8994EFCE2B00E1090022D8A4 /* Preview Assets.xcassets */,
			);
			path = "Preview Content";
			sourceTree = "<group>";
		};
		8994EFD52B00E77C0022D8A4 /* MainView */ = {
			isa = PBXGroup;
			children = (
				8994EFC92B00E1070022D8A4 /* ContentView.swift */,
				0DFB26562B02845100893E2C /* Components */,
			);
			path = MainView;
			sourceTree = "<group>";
		};
		8994EFD62B00E7A60022D8A4 /* GameView */ = {
			isa = PBXGroup;
			children = (
			);
			path = GameView;
			sourceTree = "<group>";
		};
		8994EFD72B00E9AF0022D8A4 /* RulesView */ = {
			isa = PBXGroup;
			children = (
				B39124532B069BB2009BC96C /* RulesView.swift */,
			);
			path = RulesView;
			sourceTree = "<group>";
		};
		8994EFD82B00E9D20022D8A4 /* ResultsVIew */ = {
			isa = PBXGroup;
			children = (
			);
			path = ResultsVIew;
			sourceTree = "<group>";
		};
		8994EFD92B00E9E00022D8A4 /* SettingsView */ = {
			isa = PBXGroup;
			children = (
				121AD7892B02A79500EE1C4A /* SettingsView.swift */,
			);
			path = SettingsView;
			sourceTree = "<group>";
		};
		8994EFDA2B00FFA00022D8A4 /* App */ = {
			isa = PBXGroup;
			children = (
				8994EFC72B00E1070022D8A4 /* RainbowGameApp.swift */,
			);
			path = App;
			sourceTree = "<group>";
		};
/* End PBXGroup section */

/* Begin PBXNativeTarget section */
		8994EFC32B00E1070022D8A4 /* RainbowGame */ = {
			isa = PBXNativeTarget;
			buildConfigurationList = 8994EFD22B00E1090022D8A4 /* Build configuration list for PBXNativeTarget "RainbowGame" */;
			buildPhases = (
				8994EFC02B00E1070022D8A4 /* Sources */,
				8994EFC12B00E1070022D8A4 /* Frameworks */,
				8994EFC22B00E1070022D8A4 /* Resources */,
			);
			buildRules = (
			);
			dependencies = (
			);
			name = RainbowGame;
			productName = RainbowGame;
			productReference = 8994EFC42B00E1070022D8A4 /* RainbowGame.app */;
			productType = "com.apple.product-type.application";
		};
/* End PBXNativeTarget section */

/* Begin PBXProject section */
		8994EFBC2B00E1070022D8A4 /* Project object */ = {
			isa = PBXProject;
			attributes = {
				BuildIndependentTargetsInParallel = 1;
				LastSwiftUpdateCheck = 1500;
				LastUpgradeCheck = 1500;
				TargetAttributes = {
					8994EFC32B00E1070022D8A4 = {
						CreatedOnToolsVersion = 15.0.1;
					};
				};
			};
			buildConfigurationList = 8994EFBF2B00E1070022D8A4 /* Build configuration list for PBXProject "RainbowGame" */;
			compatibilityVersion = "Xcode 14.0";
			developmentRegion = en;
			hasScannedForEncodings = 0;
			knownRegions = (
				en,
				Base,
			);
			mainGroup = 8994EFBB2B00E1070022D8A4;
			productRefGroup = 8994EFC52B00E1070022D8A4 /* Products */;
			projectDirPath = "";
			projectRoot = "";
			targets = (
				8994EFC32B00E1070022D8A4 /* RainbowGame */,
			);
		};
/* End PBXProject section */

/* Begin PBXResourcesBuildPhase section */
		8994EFC22B00E1070022D8A4 /* Resources */ = {
			isa = PBXResourcesBuildPhase;
			buildActionMask = 2147483647;
			files = (
				EED09AF32B03BC9300FF47ED /* Nexus in Resources */,
				8994EFCF2B00E1090022D8A4 /* Preview Assets.xcassets in Resources */,
				8994EFCC2B00E1090022D8A4 /* Assets.xcassets in Resources */,
			);
			runOnlyForDeploymentPostprocessing = 0;
		};
/* End PBXResourcesBuildPhase section */

/* Begin PBXSourcesBuildPhase section */
		8994EFC02B00E1070022D8A4 /* Sources */ = {
			isa = PBXSourcesBuildPhase;
			buildActionMask = 2147483647;
			files = (
				0DFB26582B02892D00893E2C /* MainButton.swift in Sources */,
				B39124542B069BB2009BC96C /* RulesView.swift in Sources */,
				121AD78A2B02A79500EE1C4A /* SettingsView.swift in Sources */,
				8994EFCA2B00E1070022D8A4 /* ContentView.swift in Sources */,
				0DFB265D2B02AD9C00893E2C /* OptionButton.swift in Sources */,
				0D0F092C2B06B4FD00FCAD88 /* SettingsModel.swift in Sources */,
				8994EFC82B00E1070022D8A4 /* RainbowGameApp.swift in Sources */,
			);
			runOnlyForDeploymentPostprocessing = 0;
		};
/* End PBXSourcesBuildPhase section */

/* Begin XCBuildConfiguration section */
		8994EFD02B00E1090022D8A4 /* Debug */ = {
			isa = XCBuildConfiguration;
			buildSettings = {
				ALWAYS_SEARCH_USER_PATHS = NO;
				ASSETCATALOG_COMPILER_GENERATE_SWIFT_ASSET_SYMBOL_EXTENSIONS = YES;
				CLANG_ANALYZER_NONNULL = YES;
				CLANG_ANALYZER_NUMBER_OBJECT_CONVERSION = YES_AGGRESSIVE;
				CLANG_CXX_LANGUAGE_STANDARD = "gnu++20";
				CLANG_ENABLE_MODULES = YES;
				CLANG_ENABLE_OBJC_ARC = YES;
				CLANG_ENABLE_OBJC_WEAK = YES;
				CLANG_WARN_BLOCK_CAPTURE_AUTORELEASING = YES;
				CLANG_WARN_BOOL_CONVERSION = YES;
				CLANG_WARN_COMMA = YES;
				CLANG_WARN_CONSTANT_CONVERSION = YES;
				CLANG_WARN_DEPRECATED_OBJC_IMPLEMENTATIONS = YES;
				CLANG_WARN_DIRECT_OBJC_ISA_USAGE = YES_ERROR;
				CLANG_WARN_DOCUMENTATION_COMMENTS = YES;
				CLANG_WARN_EMPTY_BODY = YES;
				CLANG_WARN_ENUM_CONVERSION = YES;
				CLANG_WARN_INFINITE_RECURSION = YES;
				CLANG_WARN_INT_CONVERSION = YES;
				CLANG_WARN_NON_LITERAL_NULL_CONVERSION = YES;
				CLANG_WARN_OBJC_IMPLICIT_RETAIN_SELF = YES;
				CLANG_WARN_OBJC_LITERAL_CONVERSION = YES;
				CLANG_WARN_OBJC_ROOT_CLASS = YES_ERROR;
				CLANG_WARN_QUOTED_INCLUDE_IN_FRAMEWORK_HEADER = YES;
				CLANG_WARN_RANGE_LOOP_ANALYSIS = YES;
				CLANG_WARN_STRICT_PROTOTYPES = YES;
				CLANG_WARN_SUSPICIOUS_MOVE = YES;
				CLANG_WARN_UNGUARDED_AVAILABILITY = YES_AGGRESSIVE;
				CLANG_WARN_UNREACHABLE_CODE = YES;
				CLANG_WARN__DUPLICATE_METHOD_MATCH = YES;
				COPY_PHASE_STRIP = NO;
				DEBUG_INFORMATION_FORMAT = dwarf;
				ENABLE_STRICT_OBJC_MSGSEND = YES;
				ENABLE_TESTABILITY = YES;
				ENABLE_USER_SCRIPT_SANDBOXING = YES;
				GCC_C_LANGUAGE_STANDARD = gnu17;
				GCC_DYNAMIC_NO_PIC = NO;
				GCC_NO_COMMON_BLOCKS = YES;
				GCC_OPTIMIZATION_LEVEL = 0;
				GCC_PREPROCESSOR_DEFINITIONS = (
					"DEBUG=1",
					"$(inherited)",
				);
				GCC_WARN_64_TO_32_BIT_CONVERSION = YES;
				GCC_WARN_ABOUT_RETURN_TYPE = YES_ERROR;
				GCC_WARN_UNDECLARED_SELECTOR = YES;
				GCC_WARN_UNINITIALIZED_AUTOS = YES_AGGRESSIVE;
				GCC_WARN_UNUSED_FUNCTION = YES;
				GCC_WARN_UNUSED_VARIABLE = YES;
				IPHONEOS_DEPLOYMENT_TARGET = 17.0;
				LOCALIZATION_PREFERS_STRING_CATALOGS = YES;
				MTL_ENABLE_DEBUG_INFO = INCLUDE_SOURCE;
				MTL_FAST_MATH = YES;
				ONLY_ACTIVE_ARCH = YES;
				SDKROOT = iphoneos;
				SWIFT_ACTIVE_COMPILATION_CONDITIONS = "DEBUG $(inherited)";
				SWIFT_OPTIMIZATION_LEVEL = "-Onone";
			};
			name = Debug;
		};
		8994EFD12B00E1090022D8A4 /* Release */ = {
			isa = XCBuildConfiguration;
			buildSettings = {
				ALWAYS_SEARCH_USER_PATHS = NO;
				ASSETCATALOG_COMPILER_GENERATE_SWIFT_ASSET_SYMBOL_EXTENSIONS = YES;
				CLANG_ANALYZER_NONNULL = YES;
				CLANG_ANALYZER_NUMBER_OBJECT_CONVERSION = YES_AGGRESSIVE;
				CLANG_CXX_LANGUAGE_STANDARD = "gnu++20";
				CLANG_ENABLE_MODULES = YES;
				CLANG_ENABLE_OBJC_ARC = YES;
				CLANG_ENABLE_OBJC_WEAK = YES;
				CLANG_WARN_BLOCK_CAPTURE_AUTORELEASING = YES;
				CLANG_WARN_BOOL_CONVERSION = YES;
				CLANG_WARN_COMMA = YES;
				CLANG_WARN_CONSTANT_CONVERSION = YES;
				CLANG_WARN_DEPRECATED_OBJC_IMPLEMENTATIONS = YES;
				CLANG_WARN_DIRECT_OBJC_ISA_USAGE = YES_ERROR;
				CLANG_WARN_DOCUMENTATION_COMMENTS = YES;
				CLANG_WARN_EMPTY_BODY = YES;
				CLANG_WARN_ENUM_CONVERSION = YES;
				CLANG_WARN_INFINITE_RECURSION = YES;
				CLANG_WARN_INT_CONVERSION = YES;
				CLANG_WARN_NON_LITERAL_NULL_CONVERSION = YES;
				CLANG_WARN_OBJC_IMPLICIT_RETAIN_SELF = YES;
				CLANG_WARN_OBJC_LITERAL_CONVERSION = YES;
				CLANG_WARN_OBJC_ROOT_CLASS = YES_ERROR;
				CLANG_WARN_QUOTED_INCLUDE_IN_FRAMEWORK_HEADER = YES;
				CLANG_WARN_RANGE_LOOP_ANALYSIS = YES;
				CLANG_WARN_STRICT_PROTOTYPES = YES;
				CLANG_WARN_SUSPICIOUS_MOVE = YES;
				CLANG_WARN_UNGUARDED_AVAILABILITY = YES_AGGRESSIVE;
				CLANG_WARN_UNREACHABLE_CODE = YES;
				CLANG_WARN__DUPLICATE_METHOD_MATCH = YES;
				COPY_PHASE_STRIP = NO;
				DEBUG_INFORMATION_FORMAT = "dwarf-with-dsym";
				ENABLE_NS_ASSERTIONS = NO;
				ENABLE_STRICT_OBJC_MSGSEND = YES;
				ENABLE_USER_SCRIPT_SANDBOXING = YES;
				GCC_C_LANGUAGE_STANDARD = gnu17;
				GCC_NO_COMMON_BLOCKS = YES;
				GCC_WARN_64_TO_32_BIT_CONVERSION = YES;
				GCC_WARN_ABOUT_RETURN_TYPE = YES_ERROR;
				GCC_WARN_UNDECLARED_SELECTOR = YES;
				GCC_WARN_UNINITIALIZED_AUTOS = YES_AGGRESSIVE;
				GCC_WARN_UNUSED_FUNCTION = YES;
				GCC_WARN_UNUSED_VARIABLE = YES;
				IPHONEOS_DEPLOYMENT_TARGET = 17.0;
				LOCALIZATION_PREFERS_STRING_CATALOGS = YES;
				MTL_ENABLE_DEBUG_INFO = NO;
				MTL_FAST_MATH = YES;
				SDKROOT = iphoneos;
				SWIFT_COMPILATION_MODE = wholemodule;
				VALIDATE_PRODUCT = YES;
			};
			name = Release;
		};
		8994EFD32B00E1090022D8A4 /* Debug */ = {
			isa = XCBuildConfiguration;
			buildSettings = {
				ASSETCATALOG_COMPILER_APPICON_NAME = AppIcon;
				ASSETCATALOG_COMPILER_GLOBAL_ACCENT_COLOR_NAME = AccentColor;
				CODE_SIGN_STYLE = Automatic;
				CURRENT_PROJECT_VERSION = 1;
				DEVELOPMENT_ASSET_PATHS = "\"RainbowGame/Support/Preview Content\"";
				DEVELOPMENT_TEAM = WV9SZ4237Z;
				ENABLE_PREVIEWS = YES;
				GENERATE_INFOPLIST_FILE = YES;
				INFOPLIST_KEY_LSApplicationCategoryType = "public.app-category.games";
				INFOPLIST_KEY_UIApplicationSceneManifest_Generation = YES;
				INFOPLIST_KEY_UIApplicationSupportsIndirectInputEvents = YES;
				INFOPLIST_KEY_UILaunchScreen_Generation = YES;
				INFOPLIST_KEY_UISupportedInterfaceOrientations = UIInterfaceOrientationPortrait;
				INFOPLIST_KEY_UISupportedInterfaceOrientations_iPad = "UIInterfaceOrientationLandscapeLeft UIInterfaceOrientationLandscapeRight UIInterfaceOrientationPortrait UIInterfaceOrientationPortraitUpsideDown";
				IPHONEOS_DEPLOYMENT_TARGET = 15.0;
				LD_RUNPATH_SEARCH_PATHS = (
					"$(inherited)",
					"@executable_path/Frameworks",
				);
				MARKETING_VERSION = 1.0;
				PRODUCT_BUNDLE_IDENTIFIER = MaximGoryachkin.RainbowGame;
				PRODUCT_NAME = "$(TARGET_NAME)";
				SUPPORTED_PLATFORMS = "iphoneos iphonesimulator";
				SUPPORTS_MACCATALYST = NO;
				SUPPORTS_MAC_DESIGNED_FOR_IPHONE_IPAD = NO;
				SWIFT_EMIT_LOC_STRINGS = YES;
				SWIFT_VERSION = 5.0;
				TARGETED_DEVICE_FAMILY = 1;
			};
			name = Debug;
		};
		8994EFD42B00E1090022D8A4 /* Release */ = {
			isa = XCBuildConfiguration;
			buildSettings = {
				ASSETCATALOG_COMPILER_APPICON_NAME = AppIcon;
				ASSETCATALOG_COMPILER_GLOBAL_ACCENT_COLOR_NAME = AccentColor;
				CODE_SIGN_STYLE = Automatic;
				CURRENT_PROJECT_VERSION = 1;
				DEVELOPMENT_ASSET_PATHS = "\"RainbowGame/Support/Preview Content\"";
				DEVELOPMENT_TEAM = WV9SZ4237Z;
				ENABLE_PREVIEWS = YES;
				GENERATE_INFOPLIST_FILE = YES;
				INFOPLIST_KEY_LSApplicationCategoryType = "public.app-category.games";
				INFOPLIST_KEY_UIApplicationSceneManifest_Generation = YES;
				INFOPLIST_KEY_UIApplicationSupportsIndirectInputEvents = YES;
				INFOPLIST_KEY_UILaunchScreen_Generation = YES;
				INFOPLIST_KEY_UISupportedInterfaceOrientations = UIInterfaceOrientationPortrait;
				INFOPLIST_KEY_UISupportedInterfaceOrientations_iPad = "UIInterfaceOrientationLandscapeLeft UIInterfaceOrientationLandscapeRight UIInterfaceOrientationPortrait UIInterfaceOrientationPortraitUpsideDown";
				IPHONEOS_DEPLOYMENT_TARGET = 15.0;
				LD_RUNPATH_SEARCH_PATHS = (
					"$(inherited)",
					"@executable_path/Frameworks",
				);
				MARKETING_VERSION = 1.0;
				PRODUCT_BUNDLE_IDENTIFIER = MaximGoryachkin.RainbowGame;
				PRODUCT_NAME = "$(TARGET_NAME)";
				SUPPORTED_PLATFORMS = "iphoneos iphonesimulator";
				SUPPORTS_MACCATALYST = NO;
				SUPPORTS_MAC_DESIGNED_FOR_IPHONE_IPAD = NO;
				SWIFT_EMIT_LOC_STRINGS = YES;
				SWIFT_VERSION = 5.0;
				TARGETED_DEVICE_FAMILY = 1;
			};
			name = Release;
		};
/* End XCBuildConfiguration section */

/* Begin XCConfigurationList section */
		8994EFBF2B00E1070022D8A4 /* Build configuration list for PBXProject "RainbowGame" */ = {
			isa = XCConfigurationList;
			buildConfigurations = (
				8994EFD02B00E1090022D8A4 /* Debug */,
				8994EFD12B00E1090022D8A4 /* Release */,
			);
			defaultConfigurationIsVisible = 0;
			defaultConfigurationName = Release;
		};
		8994EFD22B00E1090022D8A4 /* Build configuration list for PBXNativeTarget "RainbowGame" */ = {
			isa = XCConfigurationList;
			buildConfigurations = (
				8994EFD32B00E1090022D8A4 /* Debug */,
				8994EFD42B00E1090022D8A4 /* Release */,
			);
			defaultConfigurationIsVisible = 0;
			defaultConfigurationName = Release;
		};
/* End XCConfigurationList section */
	};
	rootObject = 8994EFBC2B00E1070022D8A4 /* Project object */;
}
